
Microsoft Visual Studio Solution File, Format Version 12.00
# Visual Studio Version 17
VisualStudioVersion = 17.5.002.0
MinimumVisualStudioVersion = 10.0.40219.1
Project("{9A19103F-16F7-4668-BE54-9A1E7A4F7556}") = "Rabbel", "Rabbel.csproj", "{72D09306-AF62-40EB-8892-F310C7A9C878}"
EndProject
Global
	GlobalSection(SolutionConfigurationPlatforms) = preSolution
		Debug|Any CPU = Debug|Any CPU
		Release|Any CPU = Release|Any CPU
	EndGlobalSection
	GlobalSection(ProjectConfigurationPlatforms) = postSolution
		{72D09306-AF62-40EB-8892-F310C7A9C878}.Debug|Any CPU.ActiveCfg = Debug|Any CPU
		{72D09306-AF62-40EB-8892-F310C7A9C878}.Debug|Any CPU.Build.0 = Debug|Any CPU
		{72D09306-AF62-40EB-8892-F310C7A9C878}.Release|Any CPU.ActiveCfg = Release|Any CPU
		{72D09306-AF62-40EB-8892-F310C7A9C878}.Release|Any CPU.Build.0 = Release|Any CPU
	EndGlobalSection
	GlobalSection(SolutionProperties) = preSolution
		HideSolutionNode = FALSE
	EndGlobalSection
	GlobalSection(ExtensibilityGlobals) = postSolution
		SolutionGuid = {7DC8F9BA-6E23-426E-8711-AACE91D1E69D}
	EndGlobalSection
EndGlobal
